
Microsoft Visual Studio Solution File, Format Version 12.00
# Visual Studio Version 17
VisualStudioVersion = 17.7.34031.279
MinimumVisualStudioVersion = 10.0.40219.1
Project("{FAE04EC0-301F-11D3-BF4B-00C04F79EFBC}") = "pr9_doter", "pr9_doter.csproj", "{12003416-9019-49E8-BA1F-30B4168DAE17}"
EndProject
Global
	GlobalSection(SolutionConfigurationPlatforms) = preSolution
		Debug|Any CPU = Debug|Any CPU
		Release|Any CPU = Release|Any CPU
	EndGlobalSection
	GlobalSection(ProjectConfigurationPlatforms) = postSolution
		{12003416-9019-49E8-BA1F-30B4168DAE17}.Debug|Any CPU.ActiveCfg = Debug|Any CPU
		{12003416-9019-49E8-BA1F-30B4168DAE17}.Debug|Any CPU.Build.0 = Debug|Any CPU
		{12003416-9019-49E8-BA1F-30B4168DAE17}.Release|Any CPU.ActiveCfg = Release|Any CPU
		{12003416-9019-49E8-BA1F-30B4168DAE17}.Release|Any CPU.Build.0 = Release|Any CPU
	EndGlobalSection
	GlobalSection(SolutionProperties) = preSolution
		HideSolutionNode = FALSE
	EndGlobalSection
	GlobalSection(ExtensibilityGlobals) = postSolution
		SolutionGuid = {757C9E5A-686F-49C9-9019-25C10986C19F}
	EndGlobalSection
EndGlobal
